github.com/codeclimate/cc-engine-go v0.0.0-20160217183426-55f9c825e2a9 h1:Wk8UDfEjmZtZI8guLovZZ1QXkbGIPWy2cpeYS2JgKPg=
github.com/codeclimate/cc-engine-go v0.0.0-20160217183426-55f9c825e2a9/go.mod h1:A0vs4JxevyA0WJrMjU/5sedZBlICgsdPloAKENM2JmU=
github.com/google/go-cmp v0.5.2 h1:X2ev0eStA3AbceY54o37/0PQ/UWqKEiiO2dKL5OPaFM=
github.com/google/go-cmp v0.5.2/go.mod h1:v8dTdLbMG2kIc/vJvl+f65V22dbkXbowE6jgT/gNBxE=
github.com/shurcooL/go v0.0.0-20180423040247-9e1955d9fb6e/go.mod h1:TDJrrUr11Vxrven61rcy3hJMUqaf/CLWYhHNPmT14Lk=
github.com/shurcooL/go-goon v0.0.0-20170922171312-37c2f522c041/go.mod h1:N5mDOmsrJOB+vfqUK+7DmDyjhSLIIBnXo9lvZJj3MWQ=
github.com/sourcegraph/go-diff v0.6.1 h1:hmA1LzxW0n1c3Q4YbrFgg4P99GSnebYa3x8gr0HZqLQ=
github.com/sourcegraph/go-diff v0.6.1/go.mod h1:iBszgVvyxdc8SFZ7gm69go2KDdt3ag071iBaWPF6cjs=
github.com/sourcegraph/go-diff v0.7.0 h1:9uLlrd5T46OXs5qpp8L/MTltk0zikUGi0sNNyCpA8G0=
github.com/sourcegraph/go-diff v0.7.0/go.mod h1:iBszgVvyxdc8SFZ7gm69go2KDdt3ag071iBaWPF6cjs=
golang.org/x/xerrors v0.0.0-20191204190536-9bdfabe68543/go.mod h1:I/5z698sn9Ka8TeJc9MKroUUfqBBauWjQqLJ2OPfmY0=
